
Microsoft Visual Studio Solution File, Format Version 12.00
# Visual Studio Version 17
VisualStudioVersion = 17.9.34728.123
MinimumVisualStudioVersion = 10.0.40219.1
Project("{2150E333-8FDC-42A3-9474-1A3956D46DE8}") = "Services", "Services", "{3E967856-0E85-4C0B-9112-5485AA8FAB15}"
EndProject
Project("{2150E333-8FDC-42A3-9474-1A3956D46DE8}") = "Infra", "Infra", "{390BF91E-21D3-465E-BC61-D83D1450EF0C}"
EndProject
Project("{9A19103F-16F7-4668-BE54-9A1E7A4F7556}") = "Common", "Infra\Common\Common.csproj", "{AC047FE1-7336-4D7B-8117-3B4BA2AEE612}"
EndProject
Project("{E53339B2-1760-4266-BCC7-CA923CBCF16C}") = "docker-compose", "docker-compose.dcproj", "{CFAB5607-8026-42B3-9CA1-836895A06C32}"
EndProject
Project("{2150E333-8FDC-42A3-9474-1A3956D46DE8}") = "Todo", "Todo", "{757F0785-0FA2-4785-BBDA-94253C6139A4}"
EndProject
Project("{2150E333-8FDC-42A3-9474-1A3956D46DE8}") = "Project", "Project", "{DF7F732E-C683-44A8-AA23-64A6ADF4BFF7}"
EndProject
Project("{9A19103F-16F7-4668-BE54-9A1E7A4F7556}") = "TodoApi", "Services\Todo\TodoApi\TodoApi.csproj", "{7D900E0C-526F-4931-B133-67A191707530}"
EndProject
Project("{9A19103F-16F7-4668-BE54-9A1E7A4F7556}") = "ProjectApi", "Services\Project\ProjectApi\ProjectApi.csproj", "{D6D4D6A2-E6A5-49B6-B1C3-F151989C7647}"
EndProject
Project("{9A19103F-16F7-4668-BE54-9A1E7A4F7556}") = "ProjectApplication", "Services\Project\ProjectApplication\ProjectApplication.csproj", "{7563217C-287F-4CC8-A563-4458911FCC6D}"
EndProject
Project("{9A19103F-16F7-4668-BE54-9A1E7A4F7556}") = "ProjectInfrastructure", "Services\Project\ProjectInfrastructure\ProjectInfrastructure.csproj", "{7C2838CB-E220-4DE6-9B97-B3C3A84792E8}"
EndProject
Project("{9A19103F-16F7-4668-BE54-9A1E7A4F7556}") = "ProjectDomain", "Services\Project\ProjectDomain\ProjectDomain.csproj", "{41C27C39-CC7E-4297-A26B-9D4BD0D02405}"
EndProject
Project("{2150E333-8FDC-42A3-9474-1A3956D46DE8}") = "Notification", "Notification", "{9C2FD705-C37D-4ECB-9CCE-AF05365DB292}"
EndProject
Project("{9A19103F-16F7-4668-BE54-9A1E7A4F7556}") = "NotificationApi", "Services\Notification\NotificationApi\NotificationApi.csproj", "{F56FF8B4-E69C-4DF5-BA65-6C3644A9EB8C}"
EndProject
Project("{2150E333-8FDC-42A3-9474-1A3956D46DE8}") = "User", "User", "{F7771A68-B112-435A-ADFB-58671CE8EBE6}"
EndProject
Project("{FAE04EC0-301F-11D3-BF4B-00C04F79EFBC}") = "UserApi", "Services\User\UserApi\UserApi.csproj", "{11D2F5F1-40E2-496B-94E7-F7AC48CF6B24}"
EndProject
Project("{2150E333-8FDC-42A3-9474-1A3956D46DE8}") = "Projektmappenelemente", "Projektmappenelemente", "{695C644B-64ED-45F1-A030-870F7F45E1CD}"
	ProjectSection(SolutionItems) = preProject
		README.md = README.md
	EndProjectSection
EndProject
Global
	GlobalSection(SolutionConfigurationPlatforms) = preSolution
		Debug|Any CPU = Debug|Any CPU
		Release|Any CPU = Release|Any CPU
	EndGlobalSection
	GlobalSection(ProjectConfigurationPlatforms) = postSolution
		{AC047FE1-7336-4D7B-8117-3B4BA2AEE612}.Debug|Any CPU.ActiveCfg = Debug|Any CPU
		{AC047FE1-7336-4D7B-8117-3B4BA2AEE612}.Debug|Any CPU.Build.0 = Debug|Any CPU
		{AC047FE1-7336-4D7B-8117-3B4BA2AEE612}.Release|Any CPU.ActiveCfg = Release|Any CPU
		{AC047FE1-7336-4D7B-8117-3B4BA2AEE612}.Release|Any CPU.Build.0 = Release|Any CPU
		{CFAB5607-8026-42B3-9CA1-836895A06C32}.Debug|Any CPU.ActiveCfg = Debug|Any CPU
		{CFAB5607-8026-42B3-9CA1-836895A06C32}.Debug|Any CPU.Build.0 = Debug|Any CPU
		{CFAB5607-8026-42B3-9CA1-836895A06C32}.Release|Any CPU.ActiveCfg = Release|Any CPU
		{CFAB5607-8026-42B3-9CA1-836895A06C32}.Release|Any CPU.Build.0 = Release|Any CPU
		{7D900E0C-526F-4931-B133-67A191707530}.Debug|Any CPU.ActiveCfg = Debug|Any CPU
		{7D900E0C-526F-4931-B133-67A191707530}.Debug|Any CPU.Build.0 = Debug|Any CPU
		{7D900E0C-526F-4931-B133-67A191707530}.Release|Any CPU.ActiveCfg = Release|Any CPU
		{7D900E0C-526F-4931-B133-67A191707530}.Release|Any CPU.Build.0 = Release|Any CPU
		{D6D4D6A2-E6A5-49B6-B1C3-F151989C7647}.Debug|Any CPU.ActiveCfg = Debug|Any CPU
		{D6D4D6A2-E6A5-49B6-B1C3-F151989C7647}.Debug|Any CPU.Build.0 = Debug|Any CPU
		{D6D4D6A2-E6A5-49B6-B1C3-F151989C7647}.Release|Any CPU.ActiveCfg = Release|Any CPU
		{D6D4D6A2-E6A5-49B6-B1C3-F151989C7647}.Release|Any CPU.Build.0 = Release|Any CPU
		{7563217C-287F-4CC8-A563-4458911FCC6D}.Debug|Any CPU.ActiveCfg = Debug|Any CPU
		{7563217C-287F-4CC8-A563-4458911FCC6D}.Debug|Any CPU.Build.0 = Debug|Any CPU
		{7563217C-287F-4CC8-A563-4458911FCC6D}.Release|Any CPU.ActiveCfg = Release|Any CPU
		{7563217C-287F-4CC8-A563-4458911FCC6D}.Release|Any CPU.Build.0 = Release|Any CPU
		{7C2838CB-E220-4DE6-9B97-B3C3A84792E8}.Debug|Any CPU.ActiveCfg = Debug|Any CPU
		{7C2838CB-E220-4DE6-9B97-B3C3A84792E8}.Debug|Any CPU.Build.0 = Debug|Any CPU
		{7C2838CB-E220-4DE6-9B97-B3C3A84792E8}.Release|Any CPU.ActiveCfg = Release|Any CPU
		{7C2838CB-E220-4DE6-9B97-B3C3A84792E8}.Release|Any CPU.Build.0 = Release|Any CPU
		{41C27C39-CC7E-4297-A26B-9D4BD0D02405}.Debug|Any CPU.ActiveCfg = Debug|Any CPU
		{41C27C39-CC7E-4297-A26B-9D4BD0D02405}.Debug|Any CPU.Build.0 = Debug|Any CPU
		{41C27C39-CC7E-4297-A26B-9D4BD0D02405}.Release|Any CPU.ActiveCfg = Release|Any CPU
		{41C27C39-CC7E-4297-A26B-9D4BD0D02405}.Release|Any CPU.Build.0 = Release|Any CPU
		{F56FF8B4-E69C-4DF5-BA65-6C3644A9EB8C}.Debug|Any CPU.ActiveCfg = Debug|Any CPU
		{F56FF8B4-E69C-4DF5-BA65-6C3644A9EB8C}.Debug|Any CPU.Build.0 = Debug|Any CPU
		{F56FF8B4-E69C-4DF5-BA65-6C3644A9EB8C}.Release|Any CPU.ActiveCfg = Release|Any CPU
		{F56FF8B4-E69C-4DF5-BA65-6C3644A9EB8C}.Release|Any CPU.Build.0 = Release|Any CPU
		{11D2F5F1-40E2-496B-94E7-F7AC48CF6B24}.Debug|Any CPU.ActiveCfg = Debug|Any CPU
		{11D2F5F1-40E2-496B-94E7-F7AC48CF6B24}.Debug|Any CPU.Build.0 = Debug|Any CPU
		{11D2F5F1-40E2-496B-94E7-F7AC48CF6B24}.Release|Any CPU.ActiveCfg = Release|Any CPU
		{11D2F5F1-40E2-496B-94E7-F7AC48CF6B24}.Release|Any CPU.Build.0 = Release|Any CPU
	EndGlobalSection
	GlobalSection(SolutionProperties) = preSolution
		HideSolutionNode = FALSE
	EndGlobalSection
	GlobalSection(NestedProjects) = preSolution
		{AC047FE1-7336-4D7B-8117-3B4BA2AEE612} = {390BF91E-21D3-465E-BC61-D83D1450EF0C}
		{757F0785-0FA2-4785-BBDA-94253C6139A4} = {3E967856-0E85-4C0B-9112-5485AA8FAB15}
		{DF7F732E-C683-44A8-AA23-64A6ADF4BFF7} = {3E967856-0E85-4C0B-9112-5485AA8FAB15}
		{7D900E0C-526F-4931-B133-67A191707530} = {757F0785-0FA2-4785-BBDA-94253C6139A4}
		{D6D4D6A2-E6A5-49B6-B1C3-F151989C7647} = {DF7F732E-C683-44A8-AA23-64A6ADF4BFF7}
		{7563217C-287F-4CC8-A563-4458911FCC6D} = {DF7F732E-C683-44A8-AA23-64A6ADF4BFF7}
		{7C2838CB-E220-4DE6-9B97-B3C3A84792E8} = {DF7F732E-C683-44A8-AA23-64A6ADF4BFF7}
		{41C27C39-CC7E-4297-A26B-9D4BD0D02405} = {DF7F732E-C683-44A8-AA23-64A6ADF4BFF7}
		{9C2FD705-C37D-4ECB-9CCE-AF05365DB292} = {3E967856-0E85-4C0B-9112-5485AA8FAB15}
		{F56FF8B4-E69C-4DF5-BA65-6C3644A9EB8C} = {9C2FD705-C37D-4ECB-9CCE-AF05365DB292}
		{F7771A68-B112-435A-ADFB-58671CE8EBE6} = {3E967856-0E85-4C0B-9112-5485AA8FAB15}
		{11D2F5F1-40E2-496B-94E7-F7AC48CF6B24} = {F7771A68-B112-435A-ADFB-58671CE8EBE6}
	EndGlobalSection
	GlobalSection(ExtensibilityGlobals) = postSolution
		SolutionGuid = {5A9DC1A0-6EB2-4F43-9795-C4E2E6744B67}
	EndGlobalSection
EndGlobal
